
Microsoft Visual Studio Solution File, Format Version 12.00
# Visual Studio Version 17
VisualStudioVersion = 17.3.32922.545
MinimumVisualStudioVersion = 10.0.40219.1
Project("{FAE04EC0-301F-11D3-BF4B-00C04F79EFBC}") = "Nastya", "Nastya\Nastya.csproj", "{34D8E9C1-0C3C-4F4D-9C80-E122CB3356B6}"
EndProject
Global
	GlobalSection(SolutionConfigurationPlatforms) = preSolution
		Debug|Any CPU = Debug|Any CPU
		Release|Any CPU = Release|Any CPU
	EndGlobalSection
	GlobalSection(ProjectConfigurationPlatforms) = postSolution
		{34D8E9C1-0C3C-4F4D-9C80-E122CB3356B6}.Debug|Any CPU.ActiveCfg = Debug|Any CPU
		{34D8E9C1-0C3C-4F4D-9C80-E122CB3356B6}.Debug|Any CPU.Build.0 = Debug|Any CPU
		{34D8E9C1-0C3C-4F4D-9C80-E122CB3356B6}.Release|Any CPU.ActiveCfg = Release|Any CPU
		{34D8E9C1-0C3C-4F4D-9C80-E122CB3356B6}.Release|Any CPU.Build.0 = Release|Any CPU
	EndGlobalSection
	GlobalSection(SolutionProperties) = preSolution
		HideSolutionNode = FALSE
	EndGlobalSection
	GlobalSection(ExtensibilityGlobals) = postSolution
		SolutionGuid = {185E6195-056F-4E5A-B8D0-0381A0F41480}
	EndGlobalSection
EndGlobal
